// !$*UTF8*$!
{
	archiveVersion = 1;
	classes = {
	};
	objectVersion = 56;
	objects = {

/* Begin PBXBuildFile section */
		491289AC29C080FF000D138A /* FilesFunctions.swift in Sources */ = {isa = PBXBuildFile; fileRef = 491289AB29C080FF000D138A /* FilesFunctions.swift */; };
		491289AF29C0942F000D138A /* PhotosLibrary.swift in Sources */ = {isa = PBXBuildFile; fileRef = 491289AE29C0942F000D138A /* PhotosLibrary.swift */; };
		49273B5F29BE378E00ECF488 /* Photo.swift in Sources */ = {isa = PBXBuildFile; fileRef = 49273B5E29BE378E00ECF488 /* Photo.swift */; };
		49273B6429BE413E00ECF488 /* ImageDetailedView.swift in Sources */ = {isa = PBXBuildFile; fileRef = 49273B6329BE413E00ECF488 /* ImageDetailedView.swift */; };
		49273B6629BE431C00ECF488 /* testImages.swift in Sources */ = {isa = PBXBuildFile; fileRef = 49273B6529BE431C00ECF488 /* testImages.swift */; };
		493752F729BE2F7F006F9CD8 /* GallerysticApp.swift in Sources */ = {isa = PBXBuildFile; fileRef = 493752F629BE2F7F006F9CD8 /* GallerysticApp.swift */; };
		493752F929BE2F7F006F9CD8 /* GallerySceneView.swift in Sources */ = {isa = PBXBuildFile; fileRef = 493752F829BE2F7F006F9CD8 /* GallerySceneView.swift */; };
		493752FB29BE2F81006F9CD8 /* Assets.xcassets in Resources */ = {isa = PBXBuildFile; fileRef = 493752FA29BE2F81006F9CD8 /* Assets.xcassets */; };
		493752FE29BE2F81006F9CD8 /* Preview Assets.xcassets in Resources */ = {isa = PBXBuildFile; fileRef = 493752FD29BE2F81006F9CD8 /* Preview Assets.xcassets */; };
		4937530729BE3202006F9CD8 /* GoogleService-Info.plist in Resources */ = {isa = PBXBuildFile; fileRef = 4937530629BE3202006F9CD8 /* GoogleService-Info.plist */; };
		495E8DF729D3143800D6F117 /* PinchZoomView.swift in Sources */ = {isa = PBXBuildFile; fileRef = 495E8DF629D3143800D6F117 /* PinchZoomView.swift */; };
		497647F529C0C102001C3FE4 /* PhotosGalleryView.swift in Sources */ = {isa = PBXBuildFile; fileRef = 497647F429C0C102001C3FE4 /* PhotosGalleryView.swift */; };
/* End PBXBuildFile section */

/* Begin PBXFileReference section */
		491289AB29C080FF000D138A /* FilesFunctions.swift */ = {isa = PBXFileReference; lastKnownFileType = sourcecode.swift; path = FilesFunctions.swift; sourceTree = "<group>"; };
		491289AD29C088CE000D138A /* Info.plist */ = {isa = PBXFileReference; lastKnownFileType = text.plist; path = Info.plist; sourceTree = "<group>"; };
		491289AE29C0942F000D138A /* PhotosLibrary.swift */ = {isa = PBXFileReference; lastKnownFileType = sourcecode.swift; path = PhotosLibrary.swift; sourceTree = "<group>"; };
		49273B5E29BE378E00ECF488 /* Photo.swift */ = {isa = PBXFileReference; lastKnownFileType = sourcecode.swift; path = Photo.swift; sourceTree = "<group>"; };
		49273B6329BE413E00ECF488 /* ImageDetailedView.swift */ = {isa = PBXFileReference; lastKnownFileType = sourcecode.swift; path = ImageDetailedView.swift; sourceTree = "<group>"; };
		49273B6529BE431C00ECF488 /* testImages.swift */ = {isa = PBXFileReference; lastKnownFileType = sourcecode.swift; path = testImages.swift; sourceTree = "<group>"; };
		493752F329BE2F7F006F9CD8 /* Gallerystic.app */ = {isa = PBXFileReference; explicitFileType = wrapper.application; includeInIndex = 0; path = Gallerystic.app; sourceTree = BUILT_PRODUCTS_DIR; };
		493752F629BE2F7F006F9CD8 /* GallerysticApp.swift */ = {isa = PBXFileReference; lastKnownFileType = sourcecode.swift; path = GallerysticApp.swift; sourceTree = "<group>"; };
		493752F829BE2F7F006F9CD8 /* GallerySceneView.swift */ = {isa = PBXFileReference; lastKnownFileType = sourcecode.swift; path = GallerySceneView.swift; sourceTree = "<group>"; };
		493752FA29BE2F81006F9CD8 /* Assets.xcassets */ = {isa = PBXFileReference; lastKnownFileType = folder.assetcatalog; path = Assets.xcassets; sourceTree = "<group>"; };
		493752FD29BE2F81006F9CD8 /* Preview Assets.xcassets */ = {isa = PBXFileReference; lastKnownFileType = folder.assetcatalog; path = "Preview Assets.xcassets"; sourceTree = "<group>"; };
		4937530629BE3202006F9CD8 /* GoogleService-Info.plist */ = {isa = PBXFileReference; fileEncoding = 4; lastKnownFileType = text.plist.xml; path = "GoogleService-Info.plist"; sourceTree = "<group>"; };
		495E8DF629D3143800D6F117 /* PinchZoomView.swift */ = {isa = PBXFileReference; lastKnownFileType = sourcecode.swift; path = PinchZoomView.swift; sourceTree = "<group>"; };
		497647F429C0C102001C3FE4 /* PhotosGalleryView.swift */ = {isa = PBXFileReference; lastKnownFileType = sourcecode.swift; path = PhotosGalleryView.swift; sourceTree = "<group>"; };
/* End PBXFileReference section */

/* Begin PBXFrameworksBuildPhase section */
		493752F029BE2F7F006F9CD8 /* Frameworks */ = {
			isa = PBXFrameworksBuildPhase;
			buildActionMask = 2147483647;
			files = (
			);
			runOnlyForDeploymentPostprocessing = 0;
		};
/* End PBXFrameworksBuildPhase section */

/* Begin PBXGroup section */
		491289AA29C080F1000D138A /* Functions */ = {
			isa = PBXGroup;
			children = (
				491289AB29C080FF000D138A /* FilesFunctions.swift */,
			);
			path = Functions;
			sourceTree = "<group>";
		};
		49273B5B29BE370400ECF488 /* Models */ = {
			isa = PBXGroup;
			children = (
				49273B5E29BE378E00ECF488 /* Photo.swift */,
				491289AE29C0942F000D138A /* PhotosLibrary.swift */,
			);
			path = Models;
			sourceTree = "<group>";
		};
		493752EA29BE2F7F006F9CD8 = {
			isa = PBXGroup;
			children = (
				493752F529BE2F7F006F9CD8 /* Gallerystic */,
				493752F429BE2F7F006F9CD8 /* Products */,
			);
			sourceTree = "<group>";
		};
		493752F429BE2F7F006F9CD8 /* Products */ = {
			isa = PBXGroup;
			children = (
				493752F329BE2F7F006F9CD8 /* Gallerystic.app */,
			);
			name = Products;
			sourceTree = "<group>";
		};
		493752F529BE2F7F006F9CD8 /* Gallerystic */ = {
			isa = PBXGroup;
			children = (
				4937530429BE2F96006F9CD8 /* Other */,
				49273B5B29BE370400ECF488 /* Models */,
				491289AA29C080F1000D138A /* Functions */,
				4937530529BE2FA6006F9CD8 /* Views */,
				493752F629BE2F7F006F9CD8 /* GallerysticApp.swift */,
				4937530629BE3202006F9CD8 /* GoogleService-Info.plist */,
				491289AD29C088CE000D138A /* Info.plist */,
			);
			path = Gallerystic;
			sourceTree = "<group>";
		};
		493752FC29BE2F81006F9CD8 /* Preview Content */ = {
			isa = PBXGroup;
			children = (
				493752FD29BE2F81006F9CD8 /* Preview Assets.xcassets */,
				49273B6529BE431C00ECF488 /* testImages.swift */,
			);
			path = "Preview Content";
			sourceTree = "<group>";
		};
		4937530429BE2F96006F9CD8 /* Other */ = {
			isa = PBXGroup;
			children = (
				493752FA29BE2F81006F9CD8 /* Assets.xcassets */,
				493752FC29BE2F81006F9CD8 /* Preview Content */,
			);
			path = Other;
			sourceTree = "<group>";
		};
		4937530529BE2FA6006F9CD8 /* Views */ = {
			isa = PBXGroup;
			children = (
				497647F329C0C0EE001C3FE4 /* UI */,
				493752F829BE2F7F006F9CD8 /* GallerySceneView.swift */,
				49273B6329BE413E00ECF488 /* ImageDetailedView.swift */,
			);
			path = Views;
			sourceTree = "<group>";
		};
		497647F329C0C0EE001C3FE4 /* UI */ = {
			isa = PBXGroup;
			children = (
				497647F429C0C102001C3FE4 /* PhotosGalleryView.swift */,
				495E8DF629D3143800D6F117 /* PinchZoomView.swift */,
			);
			path = UI;
			sourceTree = "<group>";
		};
/* End PBXGroup section */

/* Begin PBXNativeTarget section */
		493752F229BE2F7F006F9CD8 /* Gallerystic */ = {
			isa = PBXNativeTarget;
			buildConfigurationList = 4937530129BE2F81006F9CD8 /* Build configuration list for PBXNativeTarget "Gallerystic" */;
			buildPhases = (
				493752EF29BE2F7F006F9CD8 /* Sources */,
				493752F029BE2F7F006F9CD8 /* Frameworks */,
				493752F129BE2F7F006F9CD8 /* Resources */,
			);
			buildRules = (
			);
			dependencies = (
			);
			name = Gallerystic;
			packageProductDependencies = (
			);
			productName = Gallerystic;
			productReference = 493752F329BE2F7F006F9CD8 /* Gallerystic.app */;
			productType = "com.apple.product-type.application";
		};
/* End PBXNativeTarget section */

/* Begin PBXProject section */
		493752EB29BE2F7F006F9CD8 /* Project object */ = {
			isa = PBXProject;
			attributes = {
				BuildIndependentTargetsInParallel = 1;
				LastSwiftUpdateCheck = 1420;
				LastUpgradeCheck = 1420;
				TargetAttributes = {
					493752F229BE2F7F006F9CD8 = {
						CreatedOnToolsVersion = 14.2;
					};
				};
			};
			buildConfigurationList = 493752EE29BE2F7F006F9CD8 /* Build configuration list for PBXProject "Gallerystic" */;
			compatibilityVersion = "Xcode 14.0";
			developmentRegion = en;
			hasScannedForEncodings = 0;
			knownRegions = (
				en,
				Base,
			);
			mainGroup = 493752EA29BE2F7F006F9CD8;
			packageReferences = (
			);
			productRefGroup = 493752F429BE2F7F006F9CD8 /* Products */;
			projectDirPath = "";
			projectRoot = "";
			targets = (
				493752F229BE2F7F006F9CD8 /* Gallerystic */,
			);
		};
/* End PBXProject section */

/* Begin PBXResourcesBuildPhase section */
		493752F129BE2F7F006F9CD8 /* Resources */ = {
			isa = PBXResourcesBuildPhase;
			buildActionMask = 2147483647;
			files = (
				493752FE29BE2F81006F9CD8 /* Preview Assets.xcassets in Resources */,
				493752FB29BE2F81006F9CD8 /* Assets.xcassets in Resources */,
				4937530729BE3202006F9CD8 /* GoogleService-Info.plist in Resources */,
			);
			runOnlyForDeploymentPostprocessing = 0;
		};
/* End PBXResourcesBuildPhase section */

/* Begin PBXSourcesBuildPhase section */
		493752EF29BE2F7F006F9CD8 /* Sources */ = {
			isa = PBXSourcesBuildPhase;
			buildActionMask = 2147483647;
			files = (
				49273B6629BE431C00ECF488 /* testImages.swift in Sources */,
				491289AF29C0942F000D138A /* PhotosLibrary.swift in Sources */,
				497647F529C0C102001C3FE4 /* PhotosGalleryView.swift in Sources */,
				491289AC29C080FF000D138A /* FilesFunctions.swift in Sources */,
				49273B6429BE413E00ECF488 /* ImageDetailedView.swift in Sources */,
				49273B5F29BE378E00ECF488 /* Photo.swift in Sources */,
				495E8DF729D3143800D6F117 /* PinchZoomView.swift in Sources */,
				493752F929BE2F7F006F9CD8 /* GallerySceneView.swift in Sources */,
				493752F729BE2F7F006F9CD8 /* GallerysticApp.swift in Sources */,
			);
			runOnlyForDeploymentPostprocessing = 0;
		};
/* End PBXSourcesBuildPhase section */

/* Begin XCBuildConfiguration section */
		493752FF29BE2F81006F9CD8 /* Debug */ = {
			isa = XCBuildConfiguration;
			buildSettings = {
				ALWAYS_SEARCH_USER_PATHS = NO;
				CLANG_ANALYZER_NONNULL = YES;
				CLANG_ANALYZER_NUMBER_OBJECT_CONVERSION = YES_AGGRESSIVE;
				CLANG_CXX_LANGUAGE_STANDARD = "gnu++20";
				CLANG_ENABLE_MODULES = YES;
				CLANG_ENABLE_OBJC_ARC = YES;
				CLANG_ENABLE_OBJC_WEAK = YES;
				CLANG_WARN_BLOCK_CAPTURE_AUTORELEASING = YES;
				CLANG_WARN_BOOL_CONVERSION = YES;
				CLANG_WARN_COMMA = YES;
				CLANG_WARN_CONSTANT_CONVERSION = YES;
				CLANG_WARN_DEPRECATED_OBJC_IMPLEMENTATIONS = YES;
				CLANG_WARN_DIRECT_OBJC_ISA_USAGE = YES_ERROR;
				CLANG_WARN_DOCUMENTATION_COMMENTS = YES;
				CLANG_WARN_EMPTY_BODY = YES;
				CLANG_WARN_ENUM_CONVERSION = YES;
				CLANG_WARN_INFINITE_RECURSION = YES;
				CLANG_WARN_INT_CONVERSION = YES;
				CLANG_WARN_NON_LITERAL_NULL_CONVERSION = YES;
				CLANG_WARN_OBJC_IMPLICIT_RETAIN_SELF = YES;
				CLANG_WARN_OBJC_LITERAL_CONVERSION = YES;
				CLANG_WARN_OBJC_ROOT_CLASS = YES_ERROR;
				CLANG_WARN_QUOTED_INCLUDE_IN_FRAMEWORK_HEADER = YES;
				CLANG_WARN_RANGE_LOOP_ANALYSIS = YES;
				CLANG_WARN_STRICT_PROTOTYPES = YES;
				CLANG_WARN_SUSPICIOUS_MOVE = YES;
				CLANG_WARN_UNGUARDED_AVAILABILITY = YES_AGGRESSIVE;
				CLANG_WARN_UNREACHABLE_CODE = YES;
				CLANG_WARN__DUPLICATE_METHOD_MATCH = YES;
				COPY_PHASE_STRIP = NO;
				DEBUG_INFORMATION_FORMAT = dwarf;
				ENABLE_STRICT_OBJC_MSGSEND = YES;
				ENABLE_TESTABILITY = YES;
				GCC_C_LANGUAGE_STANDARD = gnu11;
				GCC_DYNAMIC_NO_PIC = NO;
				GCC_NO_COMMON_BLOCKS = YES;
				GCC_OPTIMIZATION_LEVEL = 0;
				GCC_PREPROCESSOR_DEFINITIONS = (
					"DEBUG=1",
					"$(inherited)",
				);
				GCC_WARN_64_TO_32_BIT_CONVERSION = YES;
				GCC_WARN_ABOUT_RETURN_TYPE = YES_ERROR;
				GCC_WARN_UNDECLARED_SELECTOR = YES;
				GCC_WARN_UNINITIALIZED_AUTOS = YES_AGGRESSIVE;
				GCC_WARN_UNUSED_FUNCTION = YES;
				GCC_WARN_UNUSED_VARIABLE = YES;
				IPHONEOS_DEPLOYMENT_TARGET = 16.2;
				MTL_ENABLE_DEBUG_INFO = INCLUDE_SOURCE;
				MTL_FAST_MATH = YES;
				ONLY_ACTIVE_ARCH = YES;
				SDKROOT = iphoneos;
				SWIFT_ACTIVE_COMPILATION_CONDITIONS = DEBUG;
				SWIFT_OPTIMIZATION_LEVEL = "-Onone";
			};
			name = Debug;
		};
		4937530029BE2F81006F9CD8 /* Release */ = {
			isa = XCBuildConfiguration;
			buildSettings = {
				ALWAYS_SEARCH_USER_PATHS = NO;
				CLANG_ANALYZER_NONNULL = YES;
				CLANG_ANALYZER_NUMBER_OBJECT_CONVERSION = YES_AGGRESSIVE;
				CLANG_CXX_LANGUAGE_STANDARD = "gnu++20";
				CLANG_ENABLE_MODULES = YES;
				CLANG_ENABLE_OBJC_ARC = YES;
				CLANG_ENABLE_OBJC_WEAK = YES;
				CLANG_WARN_BLOCK_CAPTURE_AUTORELEASING = YES;
				CLANG_WARN_BOOL_CONVERSION = YES;
				CLANG_WARN_COMMA = YES;
				CLANG_WARN_CONSTANT_CONVERSION = YES;
				CLANG_WARN_DEPRECATED_OBJC_IMPLEMENTATIONS = YES;
				CLANG_WARN_DIRECT_OBJC_ISA_USAGE = YES_ERROR;
				CLANG_WARN_DOCUMENTATION_COMMENTS = YES;
				CLANG_WARN_EMPTY_BODY = YES;
				CLANG_WARN_ENUM_CONVERSION = YES;
				CLANG_WARN_INFINITE_RECURSION = YES;
				CLANG_WARN_INT_CONVERSION = YES;
				CLANG_WARN_NON_LITERAL_NULL_CONVERSION = YES;
				CLANG_WARN_OBJC_IMPLICIT_RETAIN_SELF = YES;
				CLANG_WARN_OBJC_LITERAL_CONVERSION = YES;
				CLANG_WARN_OBJC_ROOT_CLASS = YES_ERROR;
				CLANG_WARN_QUOTED_INCLUDE_IN_FRAMEWORK_HEADER = YES;
				CLANG_WARN_RANGE_LOOP_ANALYSIS = YES;
				CLANG_WARN_STRICT_PROTOTYPES = YES;
				CLANG_WARN_SUSPICIOUS_MOVE = YES;
				CLANG_WARN_UNGUARDED_AVAILABILITY = YES_AGGRESSIVE;
				CLANG_WARN_UNREACHABLE_CODE = YES;
				CLANG_WARN__DUPLICATE_METHOD_MATCH = YES;
				COPY_PHASE_STRIP = NO;
				DEBUG_INFORMATION_FORMAT = "dwarf-with-dsym";
				ENABLE_NS_ASSERTIONS = NO;
				ENABLE_STRICT_OBJC_MSGSEND = YES;
				GCC_C_LANGUAGE_STANDARD = gnu11;
				GCC_NO_COMMON_BLOCKS = YES;
				GCC_WARN_64_TO_32_BIT_CONVERSION = YES;
				GCC_WARN_ABOUT_RETURN_TYPE = YES_ERROR;
				GCC_WARN_UNDECLARED_SELECTOR = YES;
				GCC_WARN_UNINITIALIZED_AUTOS = YES_AGGRESSIVE;
				GCC_WARN_UNUSED_FUNCTION = YES;
				GCC_WARN_UNUSED_VARIABLE = YES;
				IPHONEOS_DEPLOYMENT_TARGET = 16.2;
				MTL_ENABLE_DEBUG_INFO = NO;
				MTL_FAST_MATH = YES;
				SDKROOT = iphoneos;
				SWIFT_COMPILATION_MODE = wholemodule;
				SWIFT_OPTIMIZATION_LEVEL = "-O";
				VALIDATE_PRODUCT = YES;
			};
			name = Release;
		};
		4937530229BE2F81006F9CD8 /* Debug */ = {
			isa = XCBuildConfiguration;
			buildSettings = {
				ASSETCATALOG_COMPILER_APPICON_NAME = AppIcon;
				ASSETCATALOG_COMPILER_GLOBAL_ACCENT_COLOR_NAME = AccentColor;
				CODE_SIGN_STYLE = Automatic;
				CURRENT_PROJECT_VERSION = 1;
				DEVELOPMENT_ASSET_PATHS = "\"Gallerystic/Other/Preview Content\"";
				DEVELOPMENT_TEAM = G4PV26QJD2;
				ENABLE_PREVIEWS = YES;
				GENERATE_INFOPLIST_FILE = YES;
				INFOPLIST_FILE = Gallerystic/Info.plist;
				INFOPLIST_KEY_NSPhotoLibraryUsageDescription = "";
				INFOPLIST_KEY_UIApplicationSupportsIndirectInputEvents = YES;
				INFOPLIST_KEY_UILaunchScreen_Generation = YES;
				INFOPLIST_KEY_UISupportedInterfaceOrientations_iPad = "UIInterfaceOrientationPortrait UIInterfaceOrientationPortraitUpsideDown UIInterfaceOrientationLandscapeLeft UIInterfaceOrientationLandscapeRight";
				INFOPLIST_KEY_UISupportedInterfaceOrientations_iPhone = "UIInterfaceOrientationPortrait UIInterfaceOrientationLandscapeLeft UIInterfaceOrientationLandscapeRight";
				LD_RUNPATH_SEARCH_PATHS = (
					"$(inherited)",
					"@executable_path/Frameworks",
				);
				MARKETING_VERSION = 1.0;
				PRODUCT_BUNDLE_IDENTIFIER = com.gruzinov.Gallerystic;
				PRODUCT_NAME = "$(TARGET_NAME)";
				SWIFT_EMIT_LOC_STRINGS = YES;
				SWIFT_VERSION = 5.0;
				TARGETED_DEVICE_FAMILY = "1,2";
			};
			name = Debug;
		};
		4937530329BE2F81006F9CD8 /* Release */ = {
			isa = XCBuildConfiguration;
			buildSettings = {
				ASSETCATALOG_COMPILER_APPICON_NAME = AppIcon;
				ASSETCATALOG_COMPILER_GLOBAL_ACCENT_COLOR_NAME = AccentColor;
				CODE_SIGN_STYLE = Automatic;
				CURRENT_PROJECT_VERSION = 1;
				DEVELOPMENT_ASSET_PATHS = "\"Gallerystic/Other/Preview Content\"";
				DEVELOPMENT_TEAM = G4PV26QJD2;
				ENABLE_PREVIEWS = YES;
				GENERATE_INFOPLIST_FILE = YES;
				INFOPLIST_FILE = Gallerystic/Info.plist;
				INFOPLIST_KEY_NSPhotoLibraryUsageDescription = "";
				INFOPLIST_KEY_UIApplicationSupportsIndirectInputEvents = YES;
				INFOPLIST_KEY_UILaunchScreen_Generation = YES;
				INFOPLIST_KEY_UISupportedInterfaceOrientations_iPad = "UIInterfaceOrientationPortrait UIInterfaceOrientationPortraitUpsideDown UIInterfaceOrientationLandscapeLeft UIInterfaceOrientationLandscapeRight";
				INFOPLIST_KEY_UISupportedInterfaceOrientations_iPhone = "UIInterfaceOrientationPortrait UIInterfaceOrientationLandscapeLeft UIInterfaceOrientationLandscapeRight";
				LD_RUNPATH_SEARCH_PATHS = (
					"$(inherited)",
					"@executable_path/Frameworks",
				);
				MARKETING_VERSION = 1.0;
				PRODUCT_BUNDLE_IDENTIFIER = com.gruzinov.Gallerystic;
				PRODUCT_NAME = "$(TARGET_NAME)";
				SWIFT_EMIT_LOC_STRINGS = YES;
				SWIFT_VERSION = 5.0;
				TARGETED_DEVICE_FAMILY = "1,2";
			};
			name = Release;
		};
/* End XCBuildConfiguration section */

/* Begin XCConfigurationList section */
		493752EE29BE2F7F006F9CD8 /* Build configuration list for PBXProject "Gallerystic" */ = {
			isa = XCConfigurationList;
			buildConfigurations = (
				493752FF29BE2F81006F9CD8 /* Debug */,
				4937530029BE2F81006F9CD8 /* Release */,
			);
			defaultConfigurationIsVisible = 0;
			defaultConfigurationName = Release;
		};
		4937530129BE2F81006F9CD8 /* Build configuration list for PBXNativeTarget "Gallerystic" */ = {
			isa = XCConfigurationList;
			buildConfigurations = (
				4937530229BE2F81006F9CD8 /* Debug */,
				4937530329BE2F81006F9CD8 /* Release */,
			);
			defaultConfigurationIsVisible = 0;
			defaultConfigurationName = Release;
		};
/* End XCConfigurationList section */
	};
	rootObject = 493752EB29BE2F7F006F9CD8 /* Project object */;
}
